// !$*UTF8*$!
{
	archiveVersion = 1;
	classes = {
	};
	objectVersion = 50;
	objects = {

/* Begin PBXBuildFile section */
		95E7B3FA214C3B7300E5CB64 /* AppDelegate.swift in Sources */ = {isa = PBXBuildFile; fileRef = 95E7B3F9214C3B7300E5CB64 /* AppDelegate.swift */; };
		95E7B3FC214C3B7300E5CB64 /* art.scnassets in Resources */ = {isa = PBXBuildFile; fileRef = 95E7B3FB214C3B7300E5CB64 /* art.scnassets */; };
		95E7B3FE214C3B7300E5CB64 /* ViewController.swift in Sources */ = {isa = PBXBuildFile; fileRef = 95E7B3FD214C3B7300E5CB64 /* ViewController.swift */; };
		95E7B401214C3B7300E5CB64 /* Main.storyboard in Resources */ = {isa = PBXBuildFile; fileRef = 95E7B3FF214C3B7300E5CB64 /* Main.storyboard */; };
		95E7B403214C3B7400E5CB64 /* Assets.xcassets in Resources */ = {isa = PBXBuildFile; fileRef = 95E7B402214C3B7400E5CB64 /* Assets.xcassets */; };
		95E7B406214C3B7400E5CB64 /* LaunchScreen.storyboard in Resources */ = {isa = PBXBuildFile; fileRef = 95E7B404214C3B7400E5CB64 /* LaunchScreen.storyboard */; };
		95E7B411214C3B7400E5CB64 /* YardModelTests.swift in Sources */ = {isa = PBXBuildFile; fileRef = 95E7B410214C3B7400E5CB64 /* YardModelTests.swift */; };
		95E7B41C214C3B7400E5CB64 /* YardModelUITests.swift in Sources */ = {isa = PBXBuildFile; fileRef = 95E7B41B214C3B7400E5CB64 /* YardModelUITests.swift */; };
/* End PBXBuildFile section */

/* Begin PBXContainerItemProxy section */
		95E7B40D214C3B7400E5CB64 /* PBXContainerItemProxy */ = {
			isa = PBXContainerItemProxy;
			containerPortal = 95E7B3EE214C3B7300E5CB64 /* Project object */;
			proxyType = 1;
			remoteGlobalIDString = 95E7B3F5214C3B7300E5CB64;
			remoteInfo = YardModel;
		};
		95E7B418214C3B7400E5CB64 /* PBXContainerItemProxy */ = {
			isa = PBXContainerItemProxy;
			containerPortal = 95E7B3EE214C3B7300E5CB64 /* Project object */;
			proxyType = 1;
			remoteGlobalIDString = 95E7B3F5214C3B7300E5CB64;
			remoteInfo = YardModel;
		};
/* End PBXContainerItemProxy section */

/* Begin PBXFileReference section */
		95E7B3F6214C3B7300E5CB64 /* YardModel.app */ = {isa = PBXFileReference; explicitFileType = wrapper.application; includeInIndex = 0; path = YardModel.app; sourceTree = BUILT_PRODUCTS_DIR; };
		95E7B3F9214C3B7300E5CB64 /* AppDelegate.swift */ = {isa = PBXFileReference; lastKnownFileType = sourcecode.swift; path = AppDelegate.swift; sourceTree = "<group>"; };
		95E7B3FB214C3B7300E5CB64 /* art.scnassets */ = {isa = PBXFileReference; lastKnownFileType = wrapper.scnassets; path = art.scnassets; sourceTree = "<group>"; };
		95E7B3FD214C3B7300E5CB64 /* ViewController.swift */ = {isa = PBXFileReference; lastKnownFileType = sourcecode.swift; path = ViewController.swift; sourceTree = "<group>"; };
		95E7B400214C3B7300E5CB64 /* Base */ = {isa = PBXFileReference; lastKnownFileType = file.storyboard; name = Base; path = Base.lproj/Main.storyboard; sourceTree = "<group>"; };
		95E7B402214C3B7400E5CB64 /* Assets.xcassets */ = {isa = PBXFileReference; lastKnownFileType = folder.assetcatalog; path = Assets.xcassets; sourceTree = "<group>"; };
		95E7B405214C3B7400E5CB64 /* Base */ = {isa = PBXFileReference; lastKnownFileType = file.storyboard; name = Base; path = Base.lproj/LaunchScreen.storyboard; sourceTree = "<group>"; };
		95E7B407214C3B7400E5CB64 /* Info.plist */ = {isa = PBXFileReference; lastKnownFileType = text.plist.xml; path = Info.plist; sourceTree = "<group>"; };
		95E7B40C214C3B7400E5CB64 /* YardModelTests.xctest */ = {isa = PBXFileReference; explicitFileType = wrapper.cfbundle; includeInIndex = 0; path = YardModelTests.xctest; sourceTree = BUILT_PRODUCTS_DIR; };
		95E7B410214C3B7400E5CB64 /* YardModelTests.swift */ = {isa = PBXFileReference; lastKnownFileType = sourcecode.swift; path = YardModelTests.swift; sourceTree = "<group>"; };
		95E7B412214C3B7400E5CB64 /* Info.plist */ = {isa = PBXFileReference; lastKnownFileType = text.plist.xml; path = Info.plist; sourceTree = "<group>"; };
		95E7B417214C3B7400E5CB64 /* YardModelUITests.xctest */ = {isa = PBXFileReference; explicitFileType = wrapper.cfbundle; includeInIndex = 0; path = YardModelUITests.xctest; sourceTree = BUILT_PRODUCTS_DIR; };
		95E7B41B214C3B7400E5CB64 /* YardModelUITests.swift */ = {isa = PBXFileReference; lastKnownFileType = sourcecode.swift; path = YardModelUITests.swift; sourceTree = "<group>"; };
		95E7B41D214C3B7400E5CB64 /* Info.plist */ = {isa = PBXFileReference; lastKnownFileType = text.plist.xml; path = Info.plist; sourceTree = "<group>"; };
/* End PBXFileReference section */

/* Begin PBXFrameworksBuildPhase section */
		95E7B3F3214C3B7300E5CB64 /* Frameworks */ = {
			isa = PBXFrameworksBuildPhase;
			buildActionMask = 2147483647;
			files = (
			);
			runOnlyForDeploymentPostprocessing = 0;
		};
		95E7B409214C3B7400E5CB64 /* Frameworks */ = {
			isa = PBXFrameworksBuildPhase;
			buildActionMask = 2147483647;
			files = (
			);
			runOnlyForDeploymentPostprocessing = 0;
		};
		95E7B414214C3B7400E5CB64 /* Frameworks */ = {
			isa = PBXFrameworksBuildPhase;
			buildActionMask = 2147483647;
			files = (
			);
			runOnlyForDeploymentPostprocessing = 0;
		};
/* End PBXFrameworksBuildPhase section */

/* Begin PBXGroup section */
		95E7B3ED214C3B7300E5CB64 = {
			isa = PBXGroup;
			children = (
				95E7B3F8214C3B7300E5CB64 /* YardModel */,
				95E7B40F214C3B7400E5CB64 /* YardModelTests */,
				95E7B41A214C3B7400E5CB64 /* YardModelUITests */,
				95E7B3F7214C3B7300E5CB64 /* Products */,
			);
			sourceTree = "<group>";
		};
		95E7B3F7214C3B7300E5CB64 /* Products */ = {
			isa = PBXGroup;
			children = (
				95E7B3F6214C3B7300E5CB64 /* YardModel.app */,
				95E7B40C214C3B7400E5CB64 /* YardModelTests.xctest */,
				95E7B417214C3B7400E5CB64 /* YardModelUITests.xctest */,
			);
			name = Products;
			sourceTree = "<group>";
		};
		95E7B3F8214C3B7300E5CB64 /* YardModel */ = {
			isa = PBXGroup;
			children = (
				95E7B3F9214C3B7300E5CB64 /* AppDelegate.swift */,
				95E7B3FB214C3B7300E5CB64 /* art.scnassets */,
				95E7B3FD214C3B7300E5CB64 /* ViewController.swift */,
				95E7B3FF214C3B7300E5CB64 /* Main.storyboard */,
				95E7B402214C3B7400E5CB64 /* Assets.xcassets */,
				95E7B404214C3B7400E5CB64 /* LaunchScreen.storyboard */,
				95E7B407214C3B7400E5CB64 /* Info.plist */,
			);
			path = YardModel;
			sourceTree = "<group>";
		};
		95E7B40F214C3B7400E5CB64 /* YardModelTests */ = {
			isa = PBXGroup;
			children = (
				95E7B410214C3B7400E5CB64 /* YardModelTests.swift */,
				95E7B412214C3B7400E5CB64 /* Info.plist */,
			);
			path = YardModelTests;
			sourceTree = "<group>";
		};
		95E7B41A214C3B7400E5CB64 /* YardModelUITests */ = {
			isa = PBXGroup;
			children = (
				95E7B41B214C3B7400E5CB64 /* YardModelUITests.swift */,
				95E7B41D214C3B7400E5CB64 /* Info.plist */,
			);
			path = YardModelUITests;
			sourceTree = "<group>";
		};
/* End PBXGroup section */

/* Begin PBXNativeTarget section */
		95E7B3F5214C3B7300E5CB64 /* YardModel */ = {
			isa = PBXNativeTarget;
			buildConfigurationList = 95E7B420214C3B7400E5CB64 /* Build configuration list for PBXNativeTarget "YardModel" */;
			buildPhases = (
				95E7B3F2214C3B7300E5CB64 /* Sources */,
				95E7B3F3214C3B7300E5CB64 /* Frameworks */,
				95E7B3F4214C3B7300E5CB64 /* Resources */,
			);
			buildRules = (
			);
			dependencies = (
			);
			name = YardModel;
			productName = YardModel;
			productReference = 95E7B3F6214C3B7300E5CB64 /* YardModel.app */;
			productType = "com.apple.product-type.application";
		};
		95E7B40B214C3B7400E5CB64 /* YardModelTests */ = {
			isa = PBXNativeTarget;
			buildConfigurationList = 95E7B423214C3B7400E5CB64 /* Build configuration list for PBXNativeTarget "YardModelTests" */;
			buildPhases = (
				95E7B408214C3B7400E5CB64 /* Sources */,
				95E7B409214C3B7400E5CB64 /* Frameworks */,
				95E7B40A214C3B7400E5CB64 /* Resources */,
			);
			buildRules = (
			);
			dependencies = (
				95E7B40E214C3B7400E5CB64 /* PBXTargetDependency */,
			);
			name = YardModelTests;
			productName = YardModelTests;
			productReference = 95E7B40C214C3B7400E5CB64 /* YardModelTests.xctest */;
			productType = "com.apple.product-type.bundle.unit-test";
		};
		95E7B416214C3B7400E5CB64 /* YardModelUITests */ = {
			isa = PBXNativeTarget;
			buildConfigurationList = 95E7B426214C3B7400E5CB64 /* Build configuration list for PBXNativeTarget "YardModelUITests" */;
			buildPhases = (
				95E7B413214C3B7400E5CB64 /* Sources */,
				95E7B414214C3B7400E5CB64 /* Frameworks */,
				95E7B415214C3B7400E5CB64 /* Resources */,
			);
			buildRules = (
			);
			dependencies = (
				95E7B419214C3B7400E5CB64 /* PBXTargetDependency */,
			);
			name = YardModelUITests;
			productName = YardModelUITests;
			productReference = 95E7B417214C3B7400E5CB64 /* YardModelUITests.xctest */;
			productType = "com.apple.product-type.bundle.ui-testing";
		};
/* End PBXNativeTarget section */

/* Begin PBXProject section */
		95E7B3EE214C3B7300E5CB64 /* Project object */ = {
			isa = PBXProject;
			attributes = {
				LastSwiftUpdateCheck = 1000;
				LastUpgradeCheck = 1000;
				ORGANIZATIONNAME = "Татьяна";
				TargetAttributes = {
					95E7B3F5214C3B7300E5CB64 = {
						CreatedOnToolsVersion = 10.0;
					};
					95E7B40B214C3B7400E5CB64 = {
						CreatedOnToolsVersion = 10.0;
						TestTargetID = 95E7B3F5214C3B7300E5CB64;
					};
					95E7B416214C3B7400E5CB64 = {
						CreatedOnToolsVersion = 10.0;
						TestTargetID = 95E7B3F5214C3B7300E5CB64;
					};
				};
			};
			buildConfigurationList = 95E7B3F1214C3B7300E5CB64 /* Build configuration list for PBXProject "YardModel" */;
			compatibilityVersion = "Xcode 9.3";
			developmentRegion = en;
			hasScannedForEncodings = 0;
			knownRegions = (
				en,
				Base,
			);
			mainGroup = 95E7B3ED214C3B7300E5CB64;
			productRefGroup = 95E7B3F7214C3B7300E5CB64 /* Products */;
			projectDirPath = "";
			projectRoot = "";
			targets = (
				95E7B3F5214C3B7300E5CB64 /* YardModel */,
				95E7B40B214C3B7400E5CB64 /* YardModelTests */,
				95E7B416214C3B7400E5CB64 /* YardModelUITests */,
			);
		};
/* End PBXProject section */

/* Begin PBXResourcesBuildPhase section */
		95E7B3F4214C3B7300E5CB64 /* Resources */ = {
			isa = PBXResourcesBuildPhase;
			buildActionMask = 2147483647;
			files = (
				95E7B3FC214C3B7300E5CB64 /* art.scnassets in Resources */,
				95E7B406214C3B7400E5CB64 /* LaunchScreen.storyboard in Resources */,
				95E7B403214C3B7400E5CB64 /* Assets.xcassets in Resources */,
				95E7B401214C3B7300E5CB64 /* Main.storyboard in Resources */,
			);
			runOnlyForDeploymentPostprocessing = 0;
		};
		95E7B40A214C3B7400E5CB64 /* Resources */ = {
			isa = PBXResourcesBuildPhase;
			buildActionMask = 2147483647;
			files = (
			);
			runOnlyForDeploymentPostprocessing = 0;
		};
		95E7B415214C3B7400E5CB64 /* Resources */ = {
			isa = PBXResourcesBuildPhase;
			buildActionMask = 2147483647;
			files = (
			);
			runOnlyForDeploymentPostprocessing = 0;
		};
/* End PBXResourcesBuildPhase section */

/* Begin PBXSourcesBuildPhase section */
		95E7B3F2214C3B7300E5CB64 /* Sources */ = {
			isa = PBXSourcesBuildPhase;
			buildActionMask = 2147483647;
			files = (
				95E7B3FE214C3B7300E5CB64 /* ViewController.swift in Sources */,
				95E7B3FA214C3B7300E5CB64 /* AppDelegate.swift in Sources */,
			);
			runOnlyForDeploymentPostprocessing = 0;
		};
		95E7B408214C3B7400E5CB64 /* Sources */ = {
			isa = PBXSourcesBuildPhase;
			buildActionMask = 2147483647;
			files = (
				95E7B411214C3B7400E5CB64 /* YardModelTests.swift in Sources */,
			);
			runOnlyForDeploymentPostprocessing = 0;
		};
		95E7B413214C3B7400E5CB64 /* Sources */ = {
			isa = PBXSourcesBuildPhase;
			buildActionMask = 2147483647;
			files = (
				95E7B41C214C3B7400E5CB64 /* YardModelUITests.swift in Sources */,
			);
			runOnlyForDeploymentPostprocessing = 0;
		};
/* End PBXSourcesBuildPhase section */

/* Begin PBXTargetDependency section */
		95E7B40E214C3B7400E5CB64 /* PBXTargetDependency */ = {
			isa = PBXTargetDependency;
			target = 95E7B3F5214C3B7300E5CB64 /* YardModel */;
			targetProxy = 95E7B40D214C3B7400E5CB64 /* PBXContainerItemProxy */;
		};
		95E7B419214C3B7400E5CB64 /* PBXTargetDependency */ = {
			isa = PBXTargetDependency;
			target = 95E7B3F5214C3B7300E5CB64 /* YardModel */;
			targetProxy = 95E7B418214C3B7400E5CB64 /* PBXContainerItemProxy */;
		};
/* End PBXTargetDependency section */

/* Begin PBXVariantGroup section */
		95E7B3FF214C3B7300E5CB64 /* Main.storyboard */ = {
			isa = PBXVariantGroup;
			children = (
				95E7B400214C3B7300E5CB64 /* Base */,
			);
			name = Main.storyboard;
			sourceTree = "<group>";
		};
		95E7B404214C3B7400E5CB64 /* LaunchScreen.storyboard */ = {
			isa = PBXVariantGroup;
			children = (
				95E7B405214C3B7400E5CB64 /* Base */,
			);
			name = LaunchScreen.storyboard;
			sourceTree = "<group>";
		};
/* End PBXVariantGroup section */

/* Begin XCBuildConfiguration section */
		95E7B41E214C3B7400E5CB64 /* Debug */ = {
			isa = XCBuildConfiguration;
			buildSettings = {
				ALWAYS_SEARCH_USER_PATHS = NO;
				CLANG_ANALYZER_NONNULL = YES;
				CLANG_ANALYZER_NUMBER_OBJECT_CONVERSION = YES_AGGRESSIVE;
				CLANG_CXX_LANGUAGE_STANDARD = "gnu++14";
				CLANG_CXX_LIBRARY = "libc++";
				CLANG_ENABLE_MODULES = YES;
				CLANG_ENABLE_OBJC_ARC = YES;
				CLANG_ENABLE_OBJC_WEAK = YES;
				CLANG_WARN_BLOCK_CAPTURE_AUTORELEASING = YES;
				CLANG_WARN_BOOL_CONVERSION = YES;
				CLANG_WARN_COMMA = YES;
				CLANG_WARN_CONSTANT_CONVERSION = YES;
				CLANG_WARN_DEPRECATED_OBJC_IMPLEMENTATIONS = YES;
				CLANG_WARN_DIRECT_OBJC_ISA_USAGE = YES_ERROR;
				CLANG_WARN_DOCUMENTATION_COMMENTS = YES;
				CLANG_WARN_EMPTY_BODY = YES;
				CLANG_WARN_ENUM_CONVERSION = YES;
				CLANG_WARN_INFINITE_RECURSION = YES;
				CLANG_WARN_INT_CONVERSION = YES;
				CLANG_WARN_NON_LITERAL_NULL_CONVERSION = YES;
				CLANG_WARN_OBJC_IMPLICIT_RETAIN_SELF = YES;
				CLANG_WARN_OBJC_LITERAL_CONVERSION = YES;
				CLANG_WARN_OBJC_ROOT_CLASS = YES_ERROR;
				CLANG_WARN_RANGE_LOOP_ANALYSIS = YES;
				CLANG_WARN_STRICT_PROTOTYPES = YES;
				CLANG_WARN_SUSPICIOUS_MOVE = YES;
				CLANG_WARN_UNGUARDED_AVAILABILITY = YES_AGGRESSIVE;
				CLANG_WARN_UNREACHABLE_CODE = YES;
				CLANG_WARN__DUPLICATE_METHOD_MATCH = YES;
				CODE_SIGN_IDENTITY = "iPhone Developer";
				COPY_PHASE_STRIP = NO;
				DEBUG_INFORMATION_FORMAT = dwarf;
				ENABLE_STRICT_OBJC_MSGSEND = YES;
				ENABLE_TESTABILITY = YES;
				GCC_C_LANGUAGE_STANDARD = gnu11;
				GCC_DYNAMIC_NO_PIC = NO;
				GCC_NO_COMMON_BLOCKS = YES;
				GCC_OPTIMIZATION_LEVEL = 0;
				GCC_PREPROCESSOR_DEFINITIONS = (
					"DEBUG=1",
					"$(inherited)",
				);
				GCC_WARN_64_TO_32_BIT_CONVERSION = YES;
				GCC_WARN_ABOUT_RETURN_TYPE = YES_ERROR;
				GCC_WARN_UNDECLARED_SELECTOR = YES;
				GCC_WARN_UNINITIALIZED_AUTOS = YES_AGGRESSIVE;
				GCC_WARN_UNUSED_FUNCTION = YES;
				GCC_WARN_UNUSED_VARIABLE = YES;
				IPHONEOS_DEPLOYMENT_TARGET = 12.0;
				MTL_ENABLE_DEBUG_INFO = INCLUDE_SOURCE;
				MTL_FAST_MATH = YES;
				ONLY_ACTIVE_ARCH = YES;
				SDKROOT = iphoneos;
				SWIFT_ACTIVE_COMPILATION_CONDITIONS = DEBUG;
				SWIFT_OPTIMIZATION_LEVEL = "-Onone";
			};
			name = Debug;
		};
		95E7B41F214C3B7400E5CB64 /* Release */ = {
			isa = XCBuildConfiguration;
			buildSettings = {
				ALWAYS_SEARCH_USER_PATHS = NO;
				CLANG_ANALYZER_NONNULL = YES;
				CLANG_ANALYZER_NUMBER_OBJECT_CONVERSION = YES_AGGRESSIVE;
				CLANG_CXX_LANGUAGE_STANDARD = "gnu++14";
				CLANG_CXX_LIBRARY = "libc++";
				CLANG_ENABLE_MODULES = YES;
				CLANG_ENABLE_OBJC_ARC = YES;
				CLANG_ENABLE_OBJC_WEAK = YES;
				CLANG_WARN_BLOCK_CAPTURE_AUTORELEASING = YES;
				CLANG_WARN_BOOL_CONVERSION = YES;
				CLANG_WARN_COMMA = YES;
				CLANG_WARN_CONSTANT_CONVERSION = YES;
				CLANG_WARN_DEPRECATED_OBJC_IMPLEMENTATIONS = YES;
				CLANG_WARN_DIRECT_OBJC_ISA_USAGE = YES_ERROR;
				CLANG_WARN_DOCUMENTATION_COMMENTS = YES;
				CLANG_WARN_EMPTY_BODY = YES;
				CLANG_WARN_ENUM_CONVERSION = YES;
				CLANG_WARN_INFINITE_RECURSION = YES;
				CLANG_WARN_INT_CONVERSION = YES;
				CLANG_WARN_NON_LITERAL_NULL_CONVERSION = YES;
				CLANG_WARN_OBJC_IMPLICIT_RETAIN_SELF = YES;
				CLANG_WARN_OBJC_LITERAL_CONVERSION = YES;
				CLANG_WARN_OBJC_ROOT_CLASS = YES_ERROR;
				CLANG_WARN_RANGE_LOOP_ANALYSIS = YES;
				CLANG_WARN_STRICT_PROTOTYPES = YES;
				CLANG_WARN_SUSPICIOUS_MOVE = YES;
				CLANG_WARN_UNGUARDED_AVAILABILITY = YES_AGGRESSIVE;
				CLANG_WARN_UNREACHABLE_CODE = YES;
				CLANG_WARN__DUPLICATE_METHOD_MATCH = YES;
				CODE_SIGN_IDENTITY = "iPhone Developer";
				COPY_PHASE_STRIP = NO;
				DEBUG_INFORMATION_FORMAT = "dwarf-with-dsym";
				ENABLE_NS_ASSERTIONS = NO;
				ENABLE_STRICT_OBJC_MSGSEND = YES;
				GCC_C_LANGUAGE_STANDARD = gnu11;
				GCC_NO_COMMON_BLOCKS = YES;
				GCC_WARN_64_TO_32_BIT_CONVERSION = YES;
				GCC_WARN_ABOUT_RETURN_TYPE = YES_ERROR;
				GCC_WARN_UNDECLARED_SELECTOR = YES;
				GCC_WARN_UNINITIALIZED_AUTOS = YES_AGGRESSIVE;
				GCC_WARN_UNUSED_FUNCTION = YES;
				GCC_WARN_UNUSED_VARIABLE = YES;
				IPHONEOS_DEPLOYMENT_TARGET = 12.0;
				MTL_ENABLE_DEBUG_INFO = NO;
				MTL_FAST_MATH = YES;
				SDKROOT = iphoneos;
				SWIFT_COMPILATION_MODE = wholemodule;
				SWIFT_OPTIMIZATION_LEVEL = "-O";
				VALIDATE_PRODUCT = YES;
			};
			name = Release;
		};
		95E7B421214C3B7400E5CB64 /* Debug */ = {
			isa = XCBuildConfiguration;
			buildSettings = {
				ASSETCATALOG_COMPILER_APPICON_NAME = AppIcon;
				CODE_SIGN_STYLE = Automatic;
				INFOPLIST_FILE = YardModel/Info.plist;
				LD_RUNPATH_SEARCH_PATHS = (
					"$(inherited)",
					"@executable_path/Frameworks",
				);
				PRODUCT_BUNDLE_IDENTIFIER = TatsianaGoncharova.YardModel;
				PRODUCT_NAME = "$(TARGET_NAME)";
				SWIFT_VERSION = 4.2;
				TARGETED_DEVICE_FAMILY = "1,2";
			};
			name = Debug;
		};
		95E7B422214C3B7400E5CB64 /* Release */ = {
			isa = XCBuildConfiguration;
			buildSettings = {
				ASSETCATALOG_COMPILER_APPICON_NAME = AppIcon;
				CODE_SIGN_STYLE = Automatic;
				INFOPLIST_FILE = YardModel/Info.plist;
				LD_RUNPATH_SEARCH_PATHS = (
					"$(inherited)",
					"@executable_path/Frameworks",
				);
				PRODUCT_BUNDLE_IDENTIFIER = TatsianaGoncharova.YardModel;
				PRODUCT_NAME = "$(TARGET_NAME)";
				SWIFT_VERSION = 4.2;
				TARGETED_DEVICE_FAMILY = "1,2";
			};
			name = Release;
		};
		95E7B424214C3B7400E5CB64 /* Debug */ = {
			isa = XCBuildConfiguration;
			buildSettings = {
				ALWAYS_EMBED_SWIFT_STANDARD_LIBRARIES = YES;
				BUNDLE_LOADER = "$(TEST_HOST)";
				CODE_SIGN_STYLE = Automatic;
				INFOPLIST_FILE = YardModelTests/Info.plist;
				LD_RUNPATH_SEARCH_PATHS = (
					"$(inherited)",
					"@executable_path/Frameworks",
					"@loader_path/Frameworks",
				);
				PRODUCT_BUNDLE_IDENTIFIER = TatsianaGoncharova.YardModelTests;
				PRODUCT_NAME = "$(TARGET_NAME)";
				SWIFT_VERSION = 4.2;
				TARGETED_DEVICE_FAMILY = "1,2";
				TEST_HOST = "$(BUILT_PRODUCTS_DIR)/YardModel.app/YardModel";
			};
			name = Debug;
		};
		95E7B425214C3B7400E5CB64 /* Release */ = {
			isa = XCBuildConfiguration;
			buildSettings = {
				ALWAYS_EMBED_SWIFT_STANDARD_LIBRARIES = YES;
				BUNDLE_LOADER = "$(TEST_HOST)";
				CODE_SIGN_STYLE = Automatic;
				INFOPLIST_FILE = YardModelTests/Info.plist;
				LD_RUNPATH_SEARCH_PATHS = (
					"$(inherited)",
					"@executable_path/Frameworks",
					"@loader_path/Frameworks",
				);
				PRODUCT_BUNDLE_IDENTIFIER = TatsianaGoncharova.YardModelTests;
				PRODUCT_NAME = "$(TARGET_NAME)";
				SWIFT_VERSION = 4.2;
				TARGETED_DEVICE_FAMILY = "1,2";
				TEST_HOST = "$(BUILT_PRODUCTS_DIR)/YardModel.app/YardModel";
			};
			name = Release;
		};
		95E7B427214C3B7400E5CB64 /* Debug */ = {
			isa = XCBuildConfiguration;
			buildSettings = {
				ALWAYS_EMBED_SWIFT_STANDARD_LIBRARIES = YES;
				CODE_SIGN_STYLE = Automatic;
				INFOPLIST_FILE = YardModelUITests/Info.plist;
				LD_RUNPATH_SEARCH_PATHS = (
					"$(inherited)",
					"@executable_path/Frameworks",
					"@loader_path/Frameworks",
				);
				PRODUCT_BUNDLE_IDENTIFIER = TatsianaGoncharova.YardModelUITests;
				PRODUCT_NAME = "$(TARGET_NAME)";
				SWIFT_VERSION = 4.2;
				TARGETED_DEVICE_FAMILY = "1,2";
				TEST_TARGET_NAME = YardModel;
			};
			name = Debug;
		};
		95E7B428214C3B7400E5CB64 /* Release */ = {
			isa = XCBuildConfiguration;
			buildSettings = {
				ALWAYS_EMBED_SWIFT_STANDARD_LIBRARIES = YES;
				CODE_SIGN_STYLE = Automatic;
				INFOPLIST_FILE = YardModelUITests/Info.plist;
				LD_RUNPATH_SEARCH_PATHS = (
					"$(inherited)",
					"@executable_path/Frameworks",
					"@loader_path/Frameworks",
				);
				PRODUCT_BUNDLE_IDENTIFIER = TatsianaGoncharova.YardModelUITests;
				PRODUCT_NAME = "$(TARGET_NAME)";
				SWIFT_VERSION = 4.2;
				TARGETED_DEVICE_FAMILY = "1,2";
				TEST_TARGET_NAME = YardModel;
			};
			name = Release;
		};
/* End XCBuildConfiguration section */

/* Begin XCConfigurationList section */
		95E7B3F1214C3B7300E5CB64 /* Build configuration list for PBXProject "YardModel" */ = {
			isa = XCConfigurationList;
			buildConfigurations = (
				95E7B41E214C3B7400E5CB64 /* Debug */,
				95E7B41F214C3B7400E5CB64 /* Release */,
			);
			defaultConfigurationIsVisible = 0;
			defaultConfigurationName = Release;
		};
		95E7B420214C3B7400E5CB64 /* Build configuration list for PBXNativeTarget "YardModel" */ = {
			isa = XCConfigurationList;
			buildConfigurations = (
				95E7B421214C3B7400E5CB64 /* Debug */,
				95E7B422214C3B7400E5CB64 /* Release */,
			);
			defaultConfigurationIsVisible = 0;
			defaultConfigurationName = Release;
		};
		95E7B423214C3B7400E5CB64 /* Build configuration list for PBXNativeTarget "YardModelTests" */ = {
			isa = XCConfigurationList;
			buildConfigurations = (
				95E7B424214C3B7400E5CB64 /* Debug */,
				95E7B425214C3B7400E5CB64 /* Release */,
			);
			defaultConfigurationIsVisible = 0;
			defaultConfigurationName = Release;
		};
		95E7B426214C3B7400E5CB64 /* Build configuration list for PBXNativeTarget "YardModelUITests" */ = {
			isa = XCConfigurationList;
			buildConfigurations = (
				95E7B427214C3B7400E5CB64 /* Debug */,
				95E7B428214C3B7400E5CB64 /* Release */,
			);
			defaultConfigurationIsVisible = 0;
			defaultConfigurationName = Release;
		};
/* End XCConfigurationList section */
	};
	rootObject = 95E7B3EE214C3B7300E5CB64 /* Project object */;
}
